
Microsoft Visual Studio Solution File, Format Version 12.00
# Visual Studio Version 17
VisualStudioVersion = 17.12.35521.163 d17.12
MinimumVisualStudioVersion = 10.0.40219.1
Project("{FAE04EC0-301F-11D3-BF4B-00C04F79EFBC}") = "Catalog.API", "Services\Catalog\Catalog.API\Catalog.API.csproj", "{31A55CE0-7942-448A-B027-FFE1F1CF68CE}"
EndProject
Project("{FAE04EC0-301F-11D3-BF4B-00C04F79EFBC}") = "BuildingBlocks", "BuildingBlocks\BuildingBlocks\BuildingBlocks.csproj", "{CB89C440-06A3-4F0E-AECF-528F2DF9E78A}"
EndProject
Project("{E53339B2-1760-4266-BCC7-CA923CBCF16C}") = "docker-compose", "docker-compose.dcproj", "{9DB75EF5-F406-4C96-A53F-4DC38AFE4B9B}"
EndProject
Project("{FAE04EC0-301F-11D3-BF4B-00C04F79EFBC}") = "Basket.API", "Services\Basket\Basket.API\Basket.API.csproj", "{C83E956C-8CBA-4472-81E6-CDC0780E7BA9}"
EndProject
Project("{FAE04EC0-301F-11D3-BF4B-00C04F79EFBC}") = "DiscountGrpc", "Services\Discount\DiscountGrpc\DiscountGrpc.csproj", "{7D9E3348-4E4B-4FE1-A1B3-839B2E0650C4}"
EndProject
Project("{FAE04EC0-301F-11D3-BF4B-00C04F79EFBC}") = "Ordering.API", "Services\Ordering\Ordering.API\Ordering.API.csproj", "{FDAAB3CF-BF20-4603-A18B-7449384AD843}"
EndProject
Project("{FAE04EC0-301F-11D3-BF4B-00C04F79EFBC}") = "Ordering.Domain", "Services\Ordering\Ordering.Domain\Ordering.Domain.csproj", "{F4FBF87E-871A-4F68-9730-E9E703135E22}"
EndProject
Project("{FAE04EC0-301F-11D3-BF4B-00C04F79EFBC}") = "Ordering.Application", "Services\Ordering\Ordering.Application\Ordering.Application.csproj", "{3BD6FE23-3404-42B9-BAEB-423670E7CC5A}"
EndProject
Project("{FAE04EC0-301F-11D3-BF4B-00C04F79EFBC}") = "Ordering.Infrastructure", "Services\Ordering\Ordering.Infrastructure\Ordering.Infrastructure.csproj", "{AB365833-CCA4-4EFD-9879-C216F5890410}"
EndProject
Project("{FAE04EC0-301F-11D3-BF4B-00C04F79EFBC}") = "BuildingBlocks.Messaging", "BuildingBlocks\BuildingBlocks.Messaging\BuildingBlocks.Messaging.csproj", "{A19EB9ED-8729-4D3E-8308-EF21DCD52281}"
EndProject
Global
	GlobalSection(SolutionConfigurationPlatforms) = preSolution
		Debug|Any CPU = Debug|Any CPU
		Release|Any CPU = Release|Any CPU
	EndGlobalSection
	GlobalSection(ProjectConfigurationPlatforms) = postSolution
		{31A55CE0-7942-448A-B027-FFE1F1CF68CE}.Debug|Any CPU.ActiveCfg = Debug|Any CPU
		{31A55CE0-7942-448A-B027-FFE1F1CF68CE}.Debug|Any CPU.Build.0 = Debug|Any CPU
		{31A55CE0-7942-448A-B027-FFE1F1CF68CE}.Release|Any CPU.ActiveCfg = Release|Any CPU
		{31A55CE0-7942-448A-B027-FFE1F1CF68CE}.Release|Any CPU.Build.0 = Release|Any CPU
		{CB89C440-06A3-4F0E-AECF-528F2DF9E78A}.Debug|Any CPU.ActiveCfg = Debug|Any CPU
		{CB89C440-06A3-4F0E-AECF-528F2DF9E78A}.Debug|Any CPU.Build.0 = Debug|Any CPU
		{CB89C440-06A3-4F0E-AECF-528F2DF9E78A}.Release|Any CPU.ActiveCfg = Release|Any CPU
		{CB89C440-06A3-4F0E-AECF-528F2DF9E78A}.Release|Any CPU.Build.0 = Release|Any CPU
		{9DB75EF5-F406-4C96-A53F-4DC38AFE4B9B}.Debug|Any CPU.ActiveCfg = Debug|Any CPU
		{9DB75EF5-F406-4C96-A53F-4DC38AFE4B9B}.Debug|Any CPU.Build.0 = Debug|Any CPU
		{9DB75EF5-F406-4C96-A53F-4DC38AFE4B9B}.Release|Any CPU.ActiveCfg = Release|Any CPU
		{9DB75EF5-F406-4C96-A53F-4DC38AFE4B9B}.Release|Any CPU.Build.0 = Release|Any CPU
		{C83E956C-8CBA-4472-81E6-CDC0780E7BA9}.Debug|Any CPU.ActiveCfg = Debug|Any CPU
		{C83E956C-8CBA-4472-81E6-CDC0780E7BA9}.Debug|Any CPU.Build.0 = Debug|Any CPU
		{C83E956C-8CBA-4472-81E6-CDC0780E7BA9}.Release|Any CPU.ActiveCfg = Release|Any CPU
		{C83E956C-8CBA-4472-81E6-CDC0780E7BA9}.Release|Any CPU.Build.0 = Release|Any CPU
		{7D9E3348-4E4B-4FE1-A1B3-839B2E0650C4}.Debug|Any CPU.ActiveCfg = Debug|Any CPU
		{7D9E3348-4E4B-4FE1-A1B3-839B2E0650C4}.Debug|Any CPU.Build.0 = Debug|Any CPU
		{7D9E3348-4E4B-4FE1-A1B3-839B2E0650C4}.Release|Any CPU.ActiveCfg = Release|Any CPU
		{7D9E3348-4E4B-4FE1-A1B3-839B2E0650C4}.Release|Any CPU.Build.0 = Release|Any CPU
		{FDAAB3CF-BF20-4603-A18B-7449384AD843}.Debug|Any CPU.ActiveCfg = Debug|Any CPU
		{FDAAB3CF-BF20-4603-A18B-7449384AD843}.Debug|Any CPU.Build.0 = Debug|Any CPU
		{FDAAB3CF-BF20-4603-A18B-7449384AD843}.Release|Any CPU.ActiveCfg = Release|Any CPU
		{FDAAB3CF-BF20-4603-A18B-7449384AD843}.Release|Any CPU.Build.0 = Release|Any CPU
		{F4FBF87E-871A-4F68-9730-E9E703135E22}.Debug|Any CPU.ActiveCfg = Debug|Any CPU
		{F4FBF87E-871A-4F68-9730-E9E703135E22}.Debug|Any CPU.Build.0 = Debug|Any CPU
		{F4FBF87E-871A-4F68-9730-E9E703135E22}.Release|Any CPU.ActiveCfg = Release|Any CPU
		{F4FBF87E-871A-4F68-9730-E9E703135E22}.Release|Any CPU.Build.0 = Release|Any CPU
		{3BD6FE23-3404-42B9-BAEB-423670E7CC5A}.Debug|Any CPU.ActiveCfg = Debug|Any CPU
		{3BD6FE23-3404-42B9-BAEB-423670E7CC5A}.Debug|Any CPU.Build.0 = Debug|Any CPU
		{3BD6FE23-3404-42B9-BAEB-423670E7CC5A}.Release|Any CPU.ActiveCfg = Release|Any CPU
		{3BD6FE23-3404-42B9-BAEB-423670E7CC5A}.Release|Any CPU.Build.0 = Release|Any CPU
		{AB365833-CCA4-4EFD-9879-C216F5890410}.Debug|Any CPU.ActiveCfg = Debug|Any CPU
		{AB365833-CCA4-4EFD-9879-C216F5890410}.Debug|Any CPU.Build.0 = Debug|Any CPU
		{AB365833-CCA4-4EFD-9879-C216F5890410}.Release|Any CPU.ActiveCfg = Release|Any CPU
		{AB365833-CCA4-4EFD-9879-C216F5890410}.Release|Any CPU.Build.0 = Release|Any CPU
		{A19EB9ED-8729-4D3E-8308-EF21DCD52281}.Debug|Any CPU.ActiveCfg = Debug|Any CPU
		{A19EB9ED-8729-4D3E-8308-EF21DCD52281}.Debug|Any CPU.Build.0 = Debug|Any CPU
		{A19EB9ED-8729-4D3E-8308-EF21DCD52281}.Release|Any CPU.ActiveCfg = Release|Any CPU
		{A19EB9ED-8729-4D3E-8308-EF21DCD52281}.Release|Any CPU.Build.0 = Release|Any CPU
	EndGlobalSection
	GlobalSection(SolutionProperties) = preSolution
		HideSolutionNode = FALSE
	EndGlobalSection
EndGlobal
